
Microsoft Visual Studio Solution File, Format Version 12.00
# Visual Studio 15
VisualStudioVersion = 15.0.26430.14
MinimumVisualStudioVersion = 10.0.40219.1
Project("{E53339B2-1760-4266-BCC7-CA923CBCF16C}") = "docker-compose", "docker-compose.dcproj", "{21DE9B29-53FD-4847-A893-DD100726630C}"
EndProject
Project("{9A19103F-16F7-4668-BE54-9A1E7A4F7556}") = "DevPlus.Website", "src\frontend\DevPlus.Website.csproj", "{A0ACD150-E243-4C26-95A7-0BE1AB327D82}"
EndProject
Project("{2150E333-8FDC-42A3-9474-1A3956D46DE8}") = "1. Frontend", "1. Frontend", "{83BD4DBC-EE97-4D1F-AB08-46132B0BFA6E}"
EndProject
Project("{2150E333-8FDC-42A3-9474-1A3956D46DE8}") = "2. Core", "2. Core", "{7C3EC9B5-B902-4B3E-B0F1-9073F5240AE7}"
EndProject
Project("{2150E333-8FDC-42A3-9474-1A3956D46DE8}") = "3. Infrastructure", "3. Infrastructure", "{70646DA6-AF1F-4259-8562-C0152FA3C6C2}"
EndProject
Project("{2150E333-8FDC-42A3-9474-1A3956D46DE8}") = "a.Web UI and API", "a.Web UI and API", "{8BC47E23-C10D-470F-8FD6-BA0196D034EC}"
EndProject
Project("{9A19103F-16F7-4668-BE54-9A1E7A4F7556}") = "DevPlus.Domain", "src\Core\DevPlus.Domain\DevPlus.Domain.csproj", "{CA25E5F2-A53D-49E0-9433-45447CD9F0EF}"
EndProject
Project("{9A19103F-16F7-4668-BE54-9A1E7A4F7556}") = "DevPlus.Repositories", "src\Infrastructure\DevPlus.Repositories\DevPlus.Repositories.csproj", "{1BD2D2D3-7A7B-4BEF-B1B7-11C71BD1A5C7}"
EndProject
Project("{9A19103F-16F7-4668-BE54-9A1E7A4F7556}") = "DevPlus.Infrastructure", "src\Infrastructure\DevPlus.Infrastructure\DevPlus.Infrastructure.csproj", "{A00063D3-2FC7-4840-8A1C-F05AE11CE5D0}"
EndProject
Global
	GlobalSection(SolutionConfigurationPlatforms) = preSolution
		Debug|Any CPU = Debug|Any CPU
		Release|Any CPU = Release|Any CPU
	EndGlobalSection
	GlobalSection(ProjectConfigurationPlatforms) = postSolution
		{21DE9B29-53FD-4847-A893-DD100726630C}.Debug|Any CPU.ActiveCfg = Debug|Any CPU
		{21DE9B29-53FD-4847-A893-DD100726630C}.Debug|Any CPU.Build.0 = Debug|Any CPU
		{21DE9B29-53FD-4847-A893-DD100726630C}.Release|Any CPU.ActiveCfg = Release|Any CPU
		{21DE9B29-53FD-4847-A893-DD100726630C}.Release|Any CPU.Build.0 = Release|Any CPU
		{A0ACD150-E243-4C26-95A7-0BE1AB327D82}.Debug|Any CPU.ActiveCfg = Debug|Any CPU
		{A0ACD150-E243-4C26-95A7-0BE1AB327D82}.Debug|Any CPU.Build.0 = Debug|Any CPU
		{A0ACD150-E243-4C26-95A7-0BE1AB327D82}.Release|Any CPU.ActiveCfg = Release|Any CPU
		{A0ACD150-E243-4C26-95A7-0BE1AB327D82}.Release|Any CPU.Build.0 = Release|Any CPU
		{CA25E5F2-A53D-49E0-9433-45447CD9F0EF}.Debug|Any CPU.ActiveCfg = Debug|Any CPU
		{CA25E5F2-A53D-49E0-9433-45447CD9F0EF}.Debug|Any CPU.Build.0 = Debug|Any CPU
		{CA25E5F2-A53D-49E0-9433-45447CD9F0EF}.Release|Any CPU.ActiveCfg = Release|Any CPU
		{CA25E5F2-A53D-49E0-9433-45447CD9F0EF}.Release|Any CPU.Build.0 = Release|Any CPU
		{1BD2D2D3-7A7B-4BEF-B1B7-11C71BD1A5C7}.Debug|Any CPU.ActiveCfg = Debug|Any CPU
		{1BD2D2D3-7A7B-4BEF-B1B7-11C71BD1A5C7}.Debug|Any CPU.Build.0 = Debug|Any CPU
		{1BD2D2D3-7A7B-4BEF-B1B7-11C71BD1A5C7}.Release|Any CPU.ActiveCfg = Release|Any CPU
		{1BD2D2D3-7A7B-4BEF-B1B7-11C71BD1A5C7}.Release|Any CPU.Build.0 = Release|Any CPU
		{A00063D3-2FC7-4840-8A1C-F05AE11CE5D0}.Debug|Any CPU.ActiveCfg = Debug|Any CPU
		{A00063D3-2FC7-4840-8A1C-F05AE11CE5D0}.Debug|Any CPU.Build.0 = Debug|Any CPU
		{A00063D3-2FC7-4840-8A1C-F05AE11CE5D0}.Release|Any CPU.ActiveCfg = Release|Any CPU
		{A00063D3-2FC7-4840-8A1C-F05AE11CE5D0}.Release|Any CPU.Build.0 = Release|Any CPU
	EndGlobalSection
	GlobalSection(SolutionProperties) = preSolution
		HideSolutionNode = FALSE
	EndGlobalSection
	GlobalSection(NestedProjects) = preSolution
		{A0ACD150-E243-4C26-95A7-0BE1AB327D82} = {8BC47E23-C10D-470F-8FD6-BA0196D034EC}
		{8BC47E23-C10D-470F-8FD6-BA0196D034EC} = {83BD4DBC-EE97-4D1F-AB08-46132B0BFA6E}
		{CA25E5F2-A53D-49E0-9433-45447CD9F0EF} = {7C3EC9B5-B902-4B3E-B0F1-9073F5240AE7}
		{1BD2D2D3-7A7B-4BEF-B1B7-11C71BD1A5C7} = {70646DA6-AF1F-4259-8562-C0152FA3C6C2}
		{A00063D3-2FC7-4840-8A1C-F05AE11CE5D0} = {70646DA6-AF1F-4259-8562-C0152FA3C6C2}
	EndGlobalSection
EndGlobal
