
Microsoft Visual Studio Solution File, Format Version 12.00
# Visual Studio 15
VisualStudioVersion = 15.0.26430.15
MinimumVisualStudioVersion = 10.0.40219.1
Project("{E53339B2-1760-4266-BCC7-CA923CBCF16C}") = "docker-compose", "docker-compose.dcproj", "{21DE9B29-53FD-4847-A893-DD100726630C}"
EndProject
Project("{9A19103F-16F7-4668-BE54-9A1E7A4F7556}") = "DevPlus.Website", "src\Frontend\DevPlus.Website.csproj", "{A0ACD150-E243-4C26-95A7-0BE1AB327D82}"
EndProject
Project("{2150E333-8FDC-42A3-9474-1A3956D46DE8}") = "1. Frontend", "1. Frontend", "{83BD4DBC-EE97-4D1F-AB08-46132B0BFA6E}"
EndProject
Project("{2150E333-8FDC-42A3-9474-1A3956D46DE8}") = "2. Core", "2. Core", "{7C3EC9B5-B902-4B3E-B0F1-9073F5240AE7}"
EndProject
Project("{2150E333-8FDC-42A3-9474-1A3956D46DE8}") = "3. Infrastructure", "3. Infrastructure", "{70646DA6-AF1F-4259-8562-C0152FA3C6C2}"
EndProject
Project("{2150E333-8FDC-42A3-9474-1A3956D46DE8}") = "a.Web UI and API", "a.Web UI and API", "{8BC47E23-C10D-470F-8FD6-BA0196D034EC}"
EndProject
Project("{9A19103F-16F7-4668-BE54-9A1E7A4F7556}") = "DevPlus.Domain", "src\Core\DevPlus.Domain\DevPlus.Domain.csproj", "{CA25E5F2-A53D-49E0-9433-45447CD9F0EF}"
EndProject
Project("{9A19103F-16F7-4668-BE54-9A1E7A4F7556}") = "DevPlus.Domain.Services", "src\Core\DevPlus.Domain.Services\DevPlus.Domain.Services.csproj", "{0862D3F4-0FFD-4F56-A6D7-B54D15211D5C}"
EndProject
Project("{9A19103F-16F7-4668-BE54-9A1E7A4F7556}") = "DevPlus.Infrastructure", "src\Infrastructure\DevPlus.Infrastructure\DevPlus.Infrastructure.csproj", "{7C209E79-1DEF-4241-8F9C-F684E5AAA0CD}"
EndProject
Project("{9A19103F-16F7-4668-BE54-9A1E7A4F7556}") = "DevPlus.Repositories", "src\Infrastructure\DevPlus.Repositories\DevPlus.Repositories.csproj", "{72D7D3EA-3913-4D0E-9B6B-C199FC301091}"
EndProject
Project("{9A19103F-16F7-4668-BE54-9A1E7A4F7556}") = "DevPlus.Infrastructure.DependencyResolution", "src\Infrastructure\DevPlus.Infrastructure.DependencyResolution\DevPlus.Infrastructure.DependencyResolution.csproj", "{1A115B8A-A408-47FE-9C76-6B70DACC1A26}"
EndProject
Project("{9A19103F-16F7-4668-BE54-9A1E7A4F7556}") = "DevPlus.Infrastructure.Hangfire", "src\Infrastructure\DevPlus.Infrastructure.Hangfire\DevPlus.Infrastructure.Hangfire.csproj", "{F1DCBDE9-C689-40CE-876B-4718545B127F}"
EndProject
Project("{2150E333-8FDC-42A3-9474-1A3956D46DE8}") = "Solution Items", "Solution Items", "{86BBA9D6-7814-4C52-ADD7-6E3B31396D8A}"
	ProjectSection(SolutionItems) = preProject
		Develop Commands.txt = Develop Commands.txt
	EndProjectSection
EndProject
Project("{2150E333-8FDC-42A3-9474-1A3956D46DE8}") = "Tests", "Tests", "{72B11759-90E1-47D3-A6FA-CF41B02AC055}"
EndProject
Project("{2150E333-8FDC-42A3-9474-1A3956D46DE8}") = "Integration Tests", "Integration Tests", "{B977D5F7-8A5F-47FB-999E-07C50A234C8D}"
EndProject
Project("{2150E333-8FDC-42A3-9474-1A3956D46DE8}") = "Unit Tests", "Unit Tests", "{F58FBA27-452C-44CB-8337-DA8B133F0AD9}"
EndProject
Project("{9A19103F-16F7-4668-BE54-9A1E7A4F7556}") = "DevPlus.UnitTests.Common", "src\Tests\UnitTests\DevPlus.UnitTests.Common\DevPlus.UnitTests.Common.csproj", "{E4128CA7-49BE-4D52-92F4-9E76ECE2A101}"
EndProject
Project("{9A19103F-16F7-4668-BE54-9A1E7A4F7556}") = "DevPlus.Domain.Services.UnitTests", "src\Tests\UnitTests\DevPlus.Domain.Services.UnitTests\DevPlus.Domain.Services.UnitTests.csproj", "{2121BD03-0ED3-46B5-900C-6F3534E3AC9D}"
EndProject
Project("{9A19103F-16F7-4668-BE54-9A1E7A4F7556}") = "DevPlus.Tests.Common", "src\Tests\DevPlus.Tests.Common\DevPlus.Tests.Common.csproj", "{BFBFBC9C-49CC-47ED-B9A6-3F2290ABB4C3}"
EndProject
Global
	GlobalSection(SolutionConfigurationPlatforms) = preSolution
		Debug|Any CPU = Debug|Any CPU
		Release|Any CPU = Release|Any CPU
	EndGlobalSection
	GlobalSection(ProjectConfigurationPlatforms) = postSolution
		{21DE9B29-53FD-4847-A893-DD100726630C}.Debug|Any CPU.ActiveCfg = Debug|Any CPU
		{21DE9B29-53FD-4847-A893-DD100726630C}.Debug|Any CPU.Build.0 = Debug|Any CPU
		{21DE9B29-53FD-4847-A893-DD100726630C}.Release|Any CPU.ActiveCfg = Release|Any CPU
		{21DE9B29-53FD-4847-A893-DD100726630C}.Release|Any CPU.Build.0 = Release|Any CPU
		{A0ACD150-E243-4C26-95A7-0BE1AB327D82}.Debug|Any CPU.ActiveCfg = Debug|Any CPU
		{A0ACD150-E243-4C26-95A7-0BE1AB327D82}.Debug|Any CPU.Build.0 = Debug|Any CPU
		{A0ACD150-E243-4C26-95A7-0BE1AB327D82}.Release|Any CPU.ActiveCfg = Release|Any CPU
		{A0ACD150-E243-4C26-95A7-0BE1AB327D82}.Release|Any CPU.Build.0 = Release|Any CPU
		{CA25E5F2-A53D-49E0-9433-45447CD9F0EF}.Debug|Any CPU.ActiveCfg = Debug|Any CPU
		{CA25E5F2-A53D-49E0-9433-45447CD9F0EF}.Debug|Any CPU.Build.0 = Debug|Any CPU
		{CA25E5F2-A53D-49E0-9433-45447CD9F0EF}.Release|Any CPU.ActiveCfg = Release|Any CPU
		{CA25E5F2-A53D-49E0-9433-45447CD9F0EF}.Release|Any CPU.Build.0 = Release|Any CPU
		{0862D3F4-0FFD-4F56-A6D7-B54D15211D5C}.Debug|Any CPU.ActiveCfg = Debug|Any CPU
		{0862D3F4-0FFD-4F56-A6D7-B54D15211D5C}.Debug|Any CPU.Build.0 = Debug|Any CPU
		{0862D3F4-0FFD-4F56-A6D7-B54D15211D5C}.Release|Any CPU.ActiveCfg = Release|Any CPU
		{0862D3F4-0FFD-4F56-A6D7-B54D15211D5C}.Release|Any CPU.Build.0 = Release|Any CPU
		{7C209E79-1DEF-4241-8F9C-F684E5AAA0CD}.Debug|Any CPU.ActiveCfg = Debug|Any CPU
		{7C209E79-1DEF-4241-8F9C-F684E5AAA0CD}.Debug|Any CPU.Build.0 = Debug|Any CPU
		{7C209E79-1DEF-4241-8F9C-F684E5AAA0CD}.Release|Any CPU.ActiveCfg = Release|Any CPU
		{7C209E79-1DEF-4241-8F9C-F684E5AAA0CD}.Release|Any CPU.Build.0 = Release|Any CPU
		{72D7D3EA-3913-4D0E-9B6B-C199FC301091}.Debug|Any CPU.ActiveCfg = Debug|Any CPU
		{72D7D3EA-3913-4D0E-9B6B-C199FC301091}.Debug|Any CPU.Build.0 = Debug|Any CPU
		{72D7D3EA-3913-4D0E-9B6B-C199FC301091}.Release|Any CPU.ActiveCfg = Release|Any CPU
		{72D7D3EA-3913-4D0E-9B6B-C199FC301091}.Release|Any CPU.Build.0 = Release|Any CPU
		{1A115B8A-A408-47FE-9C76-6B70DACC1A26}.Debug|Any CPU.ActiveCfg = Debug|Any CPU
		{1A115B8A-A408-47FE-9C76-6B70DACC1A26}.Debug|Any CPU.Build.0 = Debug|Any CPU
		{1A115B8A-A408-47FE-9C76-6B70DACC1A26}.Release|Any CPU.ActiveCfg = Release|Any CPU
		{1A115B8A-A408-47FE-9C76-6B70DACC1A26}.Release|Any CPU.Build.0 = Release|Any CPU
		{F1DCBDE9-C689-40CE-876B-4718545B127F}.Debug|Any CPU.ActiveCfg = Debug|Any CPU
		{F1DCBDE9-C689-40CE-876B-4718545B127F}.Debug|Any CPU.Build.0 = Debug|Any CPU
		{F1DCBDE9-C689-40CE-876B-4718545B127F}.Release|Any CPU.ActiveCfg = Release|Any CPU
		{F1DCBDE9-C689-40CE-876B-4718545B127F}.Release|Any CPU.Build.0 = Release|Any CPU
		{E4128CA7-49BE-4D52-92F4-9E76ECE2A101}.Debug|Any CPU.ActiveCfg = Debug|Any CPU
		{E4128CA7-49BE-4D52-92F4-9E76ECE2A101}.Debug|Any CPU.Build.0 = Debug|Any CPU
		{E4128CA7-49BE-4D52-92F4-9E76ECE2A101}.Release|Any CPU.ActiveCfg = Release|Any CPU
		{E4128CA7-49BE-4D52-92F4-9E76ECE2A101}.Release|Any CPU.Build.0 = Release|Any CPU
		{2121BD03-0ED3-46B5-900C-6F3534E3AC9D}.Debug|Any CPU.ActiveCfg = Debug|Any CPU
		{2121BD03-0ED3-46B5-900C-6F3534E3AC9D}.Debug|Any CPU.Build.0 = Debug|Any CPU
		{2121BD03-0ED3-46B5-900C-6F3534E3AC9D}.Release|Any CPU.ActiveCfg = Release|Any CPU
		{2121BD03-0ED3-46B5-900C-6F3534E3AC9D}.Release|Any CPU.Build.0 = Release|Any CPU
		{BFBFBC9C-49CC-47ED-B9A6-3F2290ABB4C3}.Debug|Any CPU.ActiveCfg = Debug|Any CPU
		{BFBFBC9C-49CC-47ED-B9A6-3F2290ABB4C3}.Debug|Any CPU.Build.0 = Debug|Any CPU
		{BFBFBC9C-49CC-47ED-B9A6-3F2290ABB4C3}.Release|Any CPU.ActiveCfg = Release|Any CPU
		{BFBFBC9C-49CC-47ED-B9A6-3F2290ABB4C3}.Release|Any CPU.Build.0 = Release|Any CPU
	EndGlobalSection
	GlobalSection(SolutionProperties) = preSolution
		HideSolutionNode = FALSE
	EndGlobalSection
	GlobalSection(NestedProjects) = preSolution
		{A0ACD150-E243-4C26-95A7-0BE1AB327D82} = {8BC47E23-C10D-470F-8FD6-BA0196D034EC}
		{8BC47E23-C10D-470F-8FD6-BA0196D034EC} = {83BD4DBC-EE97-4D1F-AB08-46132B0BFA6E}
		{CA25E5F2-A53D-49E0-9433-45447CD9F0EF} = {7C3EC9B5-B902-4B3E-B0F1-9073F5240AE7}
		{0862D3F4-0FFD-4F56-A6D7-B54D15211D5C} = {7C3EC9B5-B902-4B3E-B0F1-9073F5240AE7}
		{7C209E79-1DEF-4241-8F9C-F684E5AAA0CD} = {70646DA6-AF1F-4259-8562-C0152FA3C6C2}
		{72D7D3EA-3913-4D0E-9B6B-C199FC301091} = {70646DA6-AF1F-4259-8562-C0152FA3C6C2}
		{1A115B8A-A408-47FE-9C76-6B70DACC1A26} = {70646DA6-AF1F-4259-8562-C0152FA3C6C2}
		{F1DCBDE9-C689-40CE-876B-4718545B127F} = {70646DA6-AF1F-4259-8562-C0152FA3C6C2}
		{B977D5F7-8A5F-47FB-999E-07C50A234C8D} = {72B11759-90E1-47D3-A6FA-CF41B02AC055}
		{F58FBA27-452C-44CB-8337-DA8B133F0AD9} = {72B11759-90E1-47D3-A6FA-CF41B02AC055}
		{E4128CA7-49BE-4D52-92F4-9E76ECE2A101} = {F58FBA27-452C-44CB-8337-DA8B133F0AD9}
		{2121BD03-0ED3-46B5-900C-6F3534E3AC9D} = {F58FBA27-452C-44CB-8337-DA8B133F0AD9}
		{BFBFBC9C-49CC-47ED-B9A6-3F2290ABB4C3} = {72B11759-90E1-47D3-A6FA-CF41B02AC055}
	EndGlobalSection
EndGlobal
