
Microsoft Visual Studio Solution File, Format Version 12.00
# Visual Studio 15
VisualStudioVersion = 15.0.26430.14
MinimumVisualStudioVersion = 10.0.40219.1
Project("{E53339B2-1760-4266-BCC7-CA923CBCF16C}") = "docker-compose", "docker-compose.dcproj", "{21DE9B29-53FD-4847-A893-DD100726630C}"
EndProject
Project("{9A19103F-16F7-4668-BE54-9A1E7A4F7556}") = "ReleaseCaptainRandomiser", "src\frontend\ReleaseCaptainRandomiser.csproj", "{A0ACD150-E243-4C26-95A7-0BE1AB327D82}"
EndProject
Project("{2150E333-8FDC-42A3-9474-1A3956D46DE8}") = "Frontend", "Frontend", "{83BD4DBC-EE97-4D1F-AB08-46132B0BFA6E}"
EndProject
Project("{2150E333-8FDC-42A3-9474-1A3956D46DE8}") = "Platform", "Platform", "{7C3EC9B5-B902-4B3E-B0F1-9073F5240AE7}"
EndProject
Project("{2150E333-8FDC-42A3-9474-1A3956D46DE8}") = "Core", "Core", "{6F151C0C-A238-4B1B-9958-EB1D6911ED62}"
EndProject
Project("{2150E333-8FDC-42A3-9474-1A3956D46DE8}") = "Infrastructure", "Infrastructure", "{11BC3DA7-6011-48D2-B4BA-AF1546BF4457}"
EndProject
Project("{2150E333-8FDC-42A3-9474-1A3956D46DE8}") = "Modules", "Modules", "{8436BC6A-F9DB-4058-B3A5-6FEB9639F72F}"
EndProject
Project("{9A19103F-16F7-4668-BE54-9A1E7A4F7556}") = "Platform.Models", "src\platform\Platform.Models\Platform.Models.csproj", "{0885A879-D130-4701-97BE-2F250784C375}"
EndProject
Project("{9A19103F-16F7-4668-BE54-9A1E7A4F7556}") = "Platform.Repositories", "src\platform\Platform.Repositories\Platform.Repositories.csproj", "{069DF29C-E121-46FF-8A2D-3AAC5F26DEEC}"
EndProject
Project("{9A19103F-16F7-4668-BE54-9A1E7A4F7556}") = "Platform.Infrastructure", "src\platform\Platform.Infrastructure\Platform.Infrastructure.csproj", "{0E5F746F-0958-41C1-82D1-5B0D0F40D7EB}"
EndProject
Project("{9A19103F-16F7-4668-BE54-9A1E7A4F7556}") = "Platform.Modules.Jira", "src\platform\Platform.Modules\Platform.Modules.Jira\Platform.Modules.Jira.csproj", "{1FFCDB56-F7E4-409B-B131-08BAE18CBA6E}"
EndProject
Global
	GlobalSection(SolutionConfigurationPlatforms) = preSolution
		Debug|Any CPU = Debug|Any CPU
		Release|Any CPU = Release|Any CPU
	EndGlobalSection
	GlobalSection(ProjectConfigurationPlatforms) = postSolution
		{21DE9B29-53FD-4847-A893-DD100726630C}.Debug|Any CPU.ActiveCfg = Debug|Any CPU
		{21DE9B29-53FD-4847-A893-DD100726630C}.Debug|Any CPU.Build.0 = Debug|Any CPU
		{21DE9B29-53FD-4847-A893-DD100726630C}.Release|Any CPU.ActiveCfg = Release|Any CPU
		{21DE9B29-53FD-4847-A893-DD100726630C}.Release|Any CPU.Build.0 = Release|Any CPU
		{A0ACD150-E243-4C26-95A7-0BE1AB327D82}.Debug|Any CPU.ActiveCfg = Debug|Any CPU
		{A0ACD150-E243-4C26-95A7-0BE1AB327D82}.Debug|Any CPU.Build.0 = Debug|Any CPU
		{A0ACD150-E243-4C26-95A7-0BE1AB327D82}.Release|Any CPU.ActiveCfg = Release|Any CPU
		{A0ACD150-E243-4C26-95A7-0BE1AB327D82}.Release|Any CPU.Build.0 = Release|Any CPU
		{0885A879-D130-4701-97BE-2F250784C375}.Debug|Any CPU.ActiveCfg = Debug|Any CPU
		{0885A879-D130-4701-97BE-2F250784C375}.Debug|Any CPU.Build.0 = Debug|Any CPU
		{0885A879-D130-4701-97BE-2F250784C375}.Release|Any CPU.ActiveCfg = Release|Any CPU
		{0885A879-D130-4701-97BE-2F250784C375}.Release|Any CPU.Build.0 = Release|Any CPU
		{069DF29C-E121-46FF-8A2D-3AAC5F26DEEC}.Debug|Any CPU.ActiveCfg = Debug|Any CPU
		{069DF29C-E121-46FF-8A2D-3AAC5F26DEEC}.Debug|Any CPU.Build.0 = Debug|Any CPU
		{069DF29C-E121-46FF-8A2D-3AAC5F26DEEC}.Release|Any CPU.ActiveCfg = Release|Any CPU
		{069DF29C-E121-46FF-8A2D-3AAC5F26DEEC}.Release|Any CPU.Build.0 = Release|Any CPU
		{0E5F746F-0958-41C1-82D1-5B0D0F40D7EB}.Debug|Any CPU.ActiveCfg = Debug|Any CPU
		{0E5F746F-0958-41C1-82D1-5B0D0F40D7EB}.Debug|Any CPU.Build.0 = Debug|Any CPU
		{0E5F746F-0958-41C1-82D1-5B0D0F40D7EB}.Release|Any CPU.ActiveCfg = Release|Any CPU
		{0E5F746F-0958-41C1-82D1-5B0D0F40D7EB}.Release|Any CPU.Build.0 = Release|Any CPU
		{1FFCDB56-F7E4-409B-B131-08BAE18CBA6E}.Debug|Any CPU.ActiveCfg = Debug|Any CPU
		{1FFCDB56-F7E4-409B-B131-08BAE18CBA6E}.Debug|Any CPU.Build.0 = Debug|Any CPU
		{1FFCDB56-F7E4-409B-B131-08BAE18CBA6E}.Release|Any CPU.ActiveCfg = Release|Any CPU
		{1FFCDB56-F7E4-409B-B131-08BAE18CBA6E}.Release|Any CPU.Build.0 = Release|Any CPU
	EndGlobalSection
	GlobalSection(SolutionProperties) = preSolution
		HideSolutionNode = FALSE
	EndGlobalSection
	GlobalSection(NestedProjects) = preSolution
		{A0ACD150-E243-4C26-95A7-0BE1AB327D82} = {83BD4DBC-EE97-4D1F-AB08-46132B0BFA6E}
		{6F151C0C-A238-4B1B-9958-EB1D6911ED62} = {7C3EC9B5-B902-4B3E-B0F1-9073F5240AE7}
		{11BC3DA7-6011-48D2-B4BA-AF1546BF4457} = {6F151C0C-A238-4B1B-9958-EB1D6911ED62}
		{8436BC6A-F9DB-4058-B3A5-6FEB9639F72F} = {7C3EC9B5-B902-4B3E-B0F1-9073F5240AE7}
		{0885A879-D130-4701-97BE-2F250784C375} = {11BC3DA7-6011-48D2-B4BA-AF1546BF4457}
		{069DF29C-E121-46FF-8A2D-3AAC5F26DEEC} = {11BC3DA7-6011-48D2-B4BA-AF1546BF4457}
		{0E5F746F-0958-41C1-82D1-5B0D0F40D7EB} = {11BC3DA7-6011-48D2-B4BA-AF1546BF4457}
		{1FFCDB56-F7E4-409B-B131-08BAE18CBA6E} = {8436BC6A-F9DB-4058-B3A5-6FEB9639F72F}
	EndGlobalSection
EndGlobal
